
Microsoft Visual Studio Solution File, Format Version 12.00
# Visual Studio 15
VisualStudioVersion = 15.0.28307.421
MinimumVisualStudioVersion = 10.0.40219.1
Project("{FAE04EC0-301F-11D3-BF4B-00C04F79EFBC}") = "BoxesWithBalls", "BoxesWithBalls\BoxesWithBalls.csproj", "{7A65621C-E509-421D-94A5-8DA428609556}"
EndProject
Global
	GlobalSection(SolutionConfigurationPlatforms) = preSolution
		Debug|Any CPU = Debug|Any CPU
		Release|Any CPU = Release|Any CPU
	EndGlobalSection
	GlobalSection(ProjectConfigurationPlatforms) = postSolution
		{7A65621C-E509-421D-94A5-8DA428609556}.Debug|Any CPU.ActiveCfg = Debug|Any CPU
		{7A65621C-E509-421D-94A5-8DA428609556}.Debug|Any CPU.Build.0 = Debug|Any CPU
		{7A65621C-E509-421D-94A5-8DA428609556}.Release|Any CPU.ActiveCfg = Release|Any CPU
		{7A65621C-E509-421D-94A5-8DA428609556}.Release|Any CPU.Build.0 = Release|Any CPU
	EndGlobalSection
	GlobalSection(SolutionProperties) = preSolution
		HideSolutionNode = FALSE
	EndGlobalSection
	GlobalSection(ExtensibilityGlobals) = postSolution
		SolutionGuid = {63D29F0A-272E-455B-9CC4-11123BE2FBD6}
	EndGlobalSection
EndGlobal
